{
  "name": "TFG",
  "lockfileVersion": 2,
  "requires": true,
  "packages": {
    "": {
      "dependencies": {
        "dat.gui": "^0.7.9",
        "katex": "^0.16.2",
        "mathjax": "^4.0.0-alpha.1",
        "three": "^0.143.0"
      }
    },
    "node_modules/commander": {
      "version": "8.3.0",
      "resolved": "https://registry.npmjs.org/commander/-/commander-8.3.0.tgz",
      "integrity": "sha512-OkTL9umf+He2DZkUq8f8J9of7yL6RJKI24dVITBmNfZBmri9zYZQrKkuXiKhyfPSu8tUhnVBB1iKXevvnlR4Ww==",
      "engines": {
        "node": ">= 12"
      }
    },
    "node_modules/dat.gui": {
      "version": "0.7.9",
      "resolved": "https://registry.npmjs.org/dat.gui/-/dat.gui-0.7.9.tgz",
      "integrity": "sha512-sCNc1OHobc+Erc1HqiswYgHdVNpSJUlk/Hz8vzOCsER7rl+oF/4+v8GXFUyCgtXpoCX6+bnmg07DedLvBLwYKQ=="
    },
    "node_modules/katex": {
      "version": "0.16.2",
      "resolved": "https://registry.npmjs.org/katex/-/katex-0.16.2.tgz",
      "integrity": "sha512-70DJdQAyh9EMsthw3AaQlDyFf54X7nWEUIa5W+rq8XOpEk//w5Th7/8SqFqpvi/KZ2t6MHUj4f9wLmztBmAYQA==",
      "funding": [
        "https://opencollective.com/katex",
        "https://github.com/sponsors/katex"
      ],
      "dependencies": {
        "commander": "^8.0.0"
      },
      "bin": {
        "katex": "cli.js"
      }
    },
    "node_modules/mathjax": {
      "version": "4.0.0-alpha.1",
      "resolved": "https://registry.npmjs.org/mathjax/-/mathjax-4.0.0-alpha.1.tgz",
      "integrity": "sha512-A3Z5p0At7HlJ2KEGJ62kZ1AMshoMXl4eEy+t4iIJFidfDsRXYVvcDQ50uKQDMPq3Pq8+2G5DEkEeEf4g0n2pAA=="
    },
    "node_modules/three": {
      "version": "0.143.0",
      "resolved": "https://registry.npmjs.org/three/-/three-0.143.0.tgz",
      "integrity": "sha512-oKcAGYHhJ46TGEuHjodo2n6TY2R6lbvrkp+feKZxqsUL/WkH7GKKaeu6RHeyb2Xjfk2dPLRKLsOP0KM2VgT8Zg=="
    }
  },
  "dependencies": {
    "commander": {
      "version": "8.3.0",
      "resolved": "https://registry.npmjs.org/commander/-/commander-8.3.0.tgz",
      "integrity": "sha512-OkTL9umf+He2DZkUq8f8J9of7yL6RJKI24dVITBmNfZBmri9zYZQrKkuXiKhyfPSu8tUhnVBB1iKXevvnlR4Ww=="
    },
    "dat.gui": {
      "version": "0.7.9",
      "resolved": "https://registry.npmjs.org/dat.gui/-/dat.gui-0.7.9.tgz",
      "integrity": "sha512-sCNc1OHobc+Erc1HqiswYgHdVNpSJUlk/Hz8vzOCsER7rl+oF/4+v8GXFUyCgtXpoCX6+bnmg07DedLvBLwYKQ=="
    },
    "katex": {
      "version": "0.16.2",
      "resolved": "https://registry.npmjs.org/katex/-/katex-0.16.2.tgz",
      "integrity": "sha512-70DJdQAyh9EMsthw3AaQlDyFf54X7nWEUIa5W+rq8XOpEk//w5Th7/8SqFqpvi/KZ2t6MHUj4f9wLmztBmAYQA==",
      "requires": {
        "commander": "^8.0.0"
      }
    },
    "mathjax": {
      "version": "4.0.0-alpha.1",
      "resolved": "https://registry.npmjs.org/mathjax/-/mathjax-4.0.0-alpha.1.tgz",
      "integrity": "sha512-A3Z5p0At7HlJ2KEGJ62kZ1AMshoMXl4eEy+t4iIJFidfDsRXYVvcDQ50uKQDMPq3Pq8+2G5DEkEeEf4g0n2pAA=="
    },
    "three": {
      "version": "0.143.0",
      "resolved": "https://registry.npmjs.org/three/-/three-0.143.0.tgz",
      "integrity": "sha512-oKcAGYHhJ46TGEuHjodo2n6TY2R6lbvrkp+feKZxqsUL/WkH7GKKaeu6RHeyb2Xjfk2dPLRKLsOP0KM2VgT8Zg=="
    }
  }
}
